<Solution>
  <Configurations>
    <Platform Name="x64" />
    <Platform Name="x86" />
  </Configurations>
  <Project Path="01_intro/01_intro.vcxproj" Id="393276d7-75ba-484c-b9cf-7c8d3357e802" />
  <Project Path="02_types/02_types.vcxproj" Id="4af53330-365b-4f60-95e3-5b5e526db832" />
  <Project Path="03_operators/03_operators.vcxproj" Id="977c89d5-b79e-4847-9a53-be75a1c29823" />
  <Project Path="04_cycles/04_cycles.vcxproj" Id="5b514822-492e-4237-a8ef-97e13dbd43c3" />
</Solution>
